
Microsoft Visual Studio Solution File, Format Version 12.00
# Visual Studio 15
VisualStudioVersion = 15.0.28307.329
MinimumVisualStudioVersion = 10.0.40219.1
Project("{FAE04EC0-301F-11D3-BF4B-00C04F79EFBC}") = "MInDrives", "MInDrives\MInDrives.csproj", "{5375EA54-122F-4D73-8618-5B19DFF94223}"
EndProject
Project("{FAE04EC0-301F-11D3-BF4B-00C04F79EFBC}") = "UnitTests", "UnitTests\UnitTests.csproj", "{8C49372C-86D1-474C-BEE8-67334824E282}"
EndProject
Global
	GlobalSection(SolutionConfigurationPlatforms) = preSolution
		Debug|Any CPU = Debug|Any CPU
		Release|Any CPU = Release|Any CPU
	EndGlobalSection
	GlobalSection(ProjectConfigurationPlatforms) = postSolution
		{5375EA54-122F-4D73-8618-5B19DFF94223}.Debug|Any CPU.ActiveCfg = Debug|Any CPU
		{5375EA54-122F-4D73-8618-5B19DFF94223}.Debug|Any CPU.Build.0 = Debug|Any CPU
		{5375EA54-122F-4D73-8618-5B19DFF94223}.Release|Any CPU.ActiveCfg = Release|Any CPU
		{5375EA54-122F-4D73-8618-5B19DFF94223}.Release|Any CPU.Build.0 = Release|Any CPU
		{8C49372C-86D1-474C-BEE8-67334824E282}.Debug|Any CPU.ActiveCfg = Debug|Any CPU
		{8C49372C-86D1-474C-BEE8-67334824E282}.Debug|Any CPU.Build.0 = Debug|Any CPU
		{8C49372C-86D1-474C-BEE8-67334824E282}.Release|Any CPU.ActiveCfg = Release|Any CPU
		{8C49372C-86D1-474C-BEE8-67334824E282}.Release|Any CPU.Build.0 = Release|Any CPU
	EndGlobalSection
	GlobalSection(SolutionProperties) = preSolution
		HideSolutionNode = FALSE
	EndGlobalSection
	GlobalSection(ExtensibilityGlobals) = postSolution
		SolutionGuid = {A7DB4A64-7A52-4EAE-AACA-E3362E7C3824}
	EndGlobalSection
EndGlobal
